
Microsoft Visual Studio Solution File, Format Version 12.00
# Visual Studio Version 17
VisualStudioVersion = 17.3.32819.101
MinimumVisualStudioVersion = 10.0.40219.1
Project("{8BC9CEB8-8B4A-11D0-8D11-00A0C91BC942}") = "SecureUxTheme", "SecureUxTheme\SecureUxTheme.vcxproj", "{BBC7C1EF-F94E-48B5-AAF8-6E11FF26A72F}"
EndProject
Project("{8BC9CEB8-8B4A-11D0-8D11-00A0C91BC942}") = "ThemeTool", "ThemeTool\ThemeTool.vcxproj", "{D281B2E2-BCB9-4E7F-9FF4-312A52E68D94}"
	ProjectSection(ProjectDependencies) = postProject
		{0253689B-A896-4BC8-B286-05424877ECEA} = {0253689B-A896-4BC8-B286-05424877ECEA}
	EndProjectSection
EndProject
Project("{8BC9CEB8-8B4A-11D0-8D11-00A0C91BC942}") = "ThemeLib", "ThemeLib\ThemeLib.vcxproj", "{0253689B-A896-4BC8-B286-05424877ECEA}"
EndProject
Project("{8BC9CEB8-8B4A-11D0-8D11-00A0C91BC942}") = "ThemeDll", "ThemeDll\ThemeDll.vcxproj", "{41AFF3ED-B06C-415B-9BDF-A719FF814FE2}"
	ProjectSection(ProjectDependencies) = postProject
		{0253689B-A896-4BC8-B286-05424877ECEA} = {0253689B-A896-4BC8-B286-05424877ECEA}
	EndProjectSection
EndProject
Global
	GlobalSection(SolutionConfigurationPlatforms) = preSolution
		Debug|ARM64 = Debug|ARM64
		Debug|Win32 = Debug|Win32
		Debug|x64 = Debug|x64
		Release|ARM64 = Release|ARM64
		Release|Win32 = Release|Win32
		Release|x64 = Release|x64
	EndGlobalSection
	GlobalSection(ProjectConfigurationPlatforms) = postSolution
		{BBC7C1EF-F94E-48B5-AAF8-6E11FF26A72F}.Debug|ARM64.ActiveCfg = Debug|ARM64
		{BBC7C1EF-F94E-48B5-AAF8-6E11FF26A72F}.Debug|ARM64.Build.0 = Debug|ARM64
		{BBC7C1EF-F94E-48B5-AAF8-6E11FF26A72F}.Debug|Win32.ActiveCfg = Debug|Win32
		{BBC7C1EF-F94E-48B5-AAF8-6E11FF26A72F}.Debug|Win32.Build.0 = Debug|Win32
		{BBC7C1EF-F94E-48B5-AAF8-6E11FF26A72F}.Debug|x64.ActiveCfg = Debug|x64
		{BBC7C1EF-F94E-48B5-AAF8-6E11FF26A72F}.Debug|x64.Build.0 = Debug|x64
		{BBC7C1EF-F94E-48B5-AAF8-6E11FF26A72F}.Release|ARM64.ActiveCfg = Release|ARM64
		{BBC7C1EF-F94E-48B5-AAF8-6E11FF26A72F}.Release|ARM64.Build.0 = Release|ARM64
		{BBC7C1EF-F94E-48B5-AAF8-6E11FF26A72F}.Release|Win32.ActiveCfg = Release|Win32
		{BBC7C1EF-F94E-48B5-AAF8-6E11FF26A72F}.Release|Win32.Build.0 = Release|Win32
		{BBC7C1EF-F94E-48B5-AAF8-6E11FF26A72F}.Release|x64.ActiveCfg = Release|x64
		{BBC7C1EF-F94E-48B5-AAF8-6E11FF26A72F}.Release|x64.Build.0 = Release|x64
		{D281B2E2-BCB9-4E7F-9FF4-312A52E68D94}.Debug|ARM64.ActiveCfg = Debug|ARM64
		{D281B2E2-BCB9-4E7F-9FF4-312A52E68D94}.Debug|Win32.ActiveCfg = Debug|Win32
		{D281B2E2-BCB9-4E7F-9FF4-312A52E68D94}.Debug|Win32.Build.0 = Debug|Win32
		{D281B2E2-BCB9-4E7F-9FF4-312A52E68D94}.Debug|x64.ActiveCfg = Debug|x64
		{D281B2E2-BCB9-4E7F-9FF4-312A52E68D94}.Release|ARM64.ActiveCfg = Release|ARM64
		{D281B2E2-BCB9-4E7F-9FF4-312A52E68D94}.Release|Win32.ActiveCfg = Release|Win32
		{D281B2E2-BCB9-4E7F-9FF4-312A52E68D94}.Release|Win32.Build.0 = Release|Win32
		{D281B2E2-BCB9-4E7F-9FF4-312A52E68D94}.Release|x64.ActiveCfg = Release|x64
		{0253689B-A896-4BC8-B286-05424877ECEA}.Debug|ARM64.ActiveCfg = Debug|ARM64
		{0253689B-A896-4BC8-B286-05424877ECEA}.Debug|ARM64.Build.0 = Debug|ARM64
		{0253689B-A896-4BC8-B286-05424877ECEA}.Debug|Win32.ActiveCfg = Debug|Win32
		{0253689B-A896-4BC8-B286-05424877ECEA}.Debug|Win32.Build.0 = Debug|Win32
		{0253689B-A896-4BC8-B286-05424877ECEA}.Debug|x64.ActiveCfg = Debug|x64
		{0253689B-A896-4BC8-B286-05424877ECEA}.Debug|x64.Build.0 = Debug|x64
		{0253689B-A896-4BC8-B286-05424877ECEA}.Release|ARM64.ActiveCfg = Release|ARM64
		{0253689B-A896-4BC8-B286-05424877ECEA}.Release|ARM64.Build.0 = Release|ARM64
		{0253689B-A896-4BC8-B286-05424877ECEA}.Release|Win32.ActiveCfg = Release|Win32
		{0253689B-A896-4BC8-B286-05424877ECEA}.Release|Win32.Build.0 = Release|Win32
		{0253689B-A896-4BC8-B286-05424877ECEA}.Release|x64.ActiveCfg = Release|x64
		{0253689B-A896-4BC8-B286-05424877ECEA}.Release|x64.Build.0 = Release|x64
		{41AFF3ED-B06C-415B-9BDF-A719FF814FE2}.Debug|ARM64.ActiveCfg = Debug|ARM64
		{41AFF3ED-B06C-415B-9BDF-A719FF814FE2}.Debug|Win32.ActiveCfg = Debug|Win32
		{41AFF3ED-B06C-415B-9BDF-A719FF814FE2}.Debug|Win32.Build.0 = Debug|Win32
		{41AFF3ED-B06C-415B-9BDF-A719FF814FE2}.Debug|x64.ActiveCfg = Debug|x64
		{41AFF3ED-B06C-415B-9BDF-A719FF814FE2}.Release|ARM64.ActiveCfg = Release|ARM64
		{41AFF3ED-B06C-415B-9BDF-A719FF814FE2}.Release|Win32.ActiveCfg = Release|Win32
		{41AFF3ED-B06C-415B-9BDF-A719FF814FE2}.Release|Win32.Build.0 = Release|Win32
		{41AFF3ED-B06C-415B-9BDF-A719FF814FE2}.Release|x64.ActiveCfg = Release|x64
	EndGlobalSection
	GlobalSection(SolutionProperties) = preSolution
		HideSolutionNode = FALSE
	EndGlobalSection
	GlobalSection(ExtensibilityGlobals) = postSolution
		SolutionGuid = {9C4DE7AE-E8A6-492B-9633-79223DFE766A}
	EndGlobalSection
EndGlobal
